// !$*UTF8*$!
{
	archiveVersion = 1;
	classes = {
	};
	objectVersion = 56;
	objects = {

/* Begin PBXBuildFile section */
		0336E0D12B4832250069C212 /* SavingsGoalSheet.swift in Sources */ = {isa = PBXBuildFile; fileRef = 0336E0D02B4832250069C212 /* SavingsGoalSheet.swift */; };
		0336E0D32B4987360069C212 /* SavingPerInterval.swift in Sources */ = {isa = PBXBuildFile; fileRef = 0336E0D22B4987360069C212 /* SavingPerInterval.swift */; };
		036548C72B37425200693EE6 /* StatisticsView.swift in Sources */ = {isa = PBXBuildFile; fileRef = 036548C62B37425200693EE6 /* StatisticsView.swift */; };
		0397E5B42B38D65100D615C1 /* DaysSinceQuittingCounter.swift in Sources */ = {isa = PBXBuildFile; fileRef = 0397E5B32B38D65100D615C1 /* DaysSinceQuittingCounter.swift */; };
		0397E5B72B38DB2300D615C1 /* TestProgress.swift in Sources */ = {isa = PBXBuildFile; fileRef = 0397E5B62B38DB2300D615C1 /* TestProgress.swift */; };
		0397E5B92B38DD8B00D615C1 /* Achievements.swift in Sources */ = {isa = PBXBuildFile; fileRef = 0397E5B82B38DD8B00D615C1 /* Achievements.swift */; };
		039B0A2C2B4A239900E6ED48 /* SnusInnhold.swift in Sources */ = {isa = PBXBuildFile; fileRef = 039B0A2B2B4A239900E6ED48 /* SnusInnhold.swift */; };
		039B0A2E2B4C0D6000E6ED48 /* Fordeler.swift in Sources */ = {isa = PBXBuildFile; fileRef = 039B0A2D2B4C0D6000E6ED48 /* Fordeler.swift */; };
		03CE72972B49F05D00F338B9 /* MotivationCard.swift in Sources */ = {isa = PBXBuildFile; fileRef = 03CE72962B49F05D00F338B9 /* MotivationCard.swift */; };
		03CE72992B4A162000F338B9 /* TipsListView.swift in Sources */ = {isa = PBXBuildFile; fileRef = 03CE72982B4A162000F338B9 /* TipsListView.swift */; };
		03DE34132B37158800CBF5FA /* SlutteApp.swift in Sources */ = {isa = PBXBuildFile; fileRef = 03DE34122B37158800CBF5FA /* SlutteApp.swift */; };
		03DE34152B37158800CBF5FA /* ContentView.swift in Sources */ = {isa = PBXBuildFile; fileRef = 03DE34142B37158800CBF5FA /* ContentView.swift */; };
		03DE34172B37158900CBF5FA /* Assets.xcassets in Resources */ = {isa = PBXBuildFile; fileRef = 03DE34162B37158900CBF5FA /* Assets.xcassets */; };
		03DE341B2B37158900CBF5FA /* Preview Assets.xcassets in Resources */ = {isa = PBXBuildFile; fileRef = 03DE341A2B37158900CBF5FA /* Preview Assets.xcassets */; };
		03DE34222B37181E00CBF5FA /* CounterViewModel.swift in Sources */ = {isa = PBXBuildFile; fileRef = 03DE34212B37181E00CBF5FA /* CounterViewModel.swift */; };
		03DE34242B371CDD00CBF5FA /* SnusUsageInputView.swift in Sources */ = {isa = PBXBuildFile; fileRef = 03DE34232B371CDD00CBF5FA /* SnusUsageInputView.swift */; };
		03FDA5EA2B4C3E60006C4A14 /* CravingTipsView.swift in Sources */ = {isa = PBXBuildFile; fileRef = 03FDA5E92B4C3E60006C4A14 /* CravingTipsView.swift */; };
/* End PBXBuildFile section */

/* Begin PBXFileReference section */
		0336E0D02B4832250069C212 /* SavingsGoalSheet.swift */ = {isa = PBXFileReference; lastKnownFileType = sourcecode.swift; path = SavingsGoalSheet.swift; sourceTree = "<group>"; };
		0336E0D22B4987360069C212 /* SavingPerInterval.swift */ = {isa = PBXFileReference; lastKnownFileType = sourcecode.swift; path = SavingPerInterval.swift; sourceTree = "<group>"; };
		036548C62B37425200693EE6 /* StatisticsView.swift */ = {isa = PBXFileReference; lastKnownFileType = sourcecode.swift; path = StatisticsView.swift; sourceTree = "<group>"; };
		0397E5B32B38D65100D615C1 /* DaysSinceQuittingCounter.swift */ = {isa = PBXFileReference; lastKnownFileType = sourcecode.swift; path = DaysSinceQuittingCounter.swift; sourceTree = "<group>"; };
		0397E5B62B38DB2300D615C1 /* TestProgress.swift */ = {isa = PBXFileReference; lastKnownFileType = sourcecode.swift; path = TestProgress.swift; sourceTree = "<group>"; };
		0397E5B82B38DD8B00D615C1 /* Achievements.swift */ = {isa = PBXFileReference; lastKnownFileType = sourcecode.swift; path = Achievements.swift; sourceTree = "<group>"; };
		039B0A2B2B4A239900E6ED48 /* SnusInnhold.swift */ = {isa = PBXFileReference; lastKnownFileType = sourcecode.swift; path = SnusInnhold.swift; sourceTree = "<group>"; };
		039B0A2D2B4C0D6000E6ED48 /* Fordeler.swift */ = {isa = PBXFileReference; lastKnownFileType = sourcecode.swift; path = Fordeler.swift; sourceTree = "<group>"; };
		03CE72962B49F05D00F338B9 /* MotivationCard.swift */ = {isa = PBXFileReference; lastKnownFileType = sourcecode.swift; path = MotivationCard.swift; sourceTree = "<group>"; };
		03CE72982B4A162000F338B9 /* TipsListView.swift */ = {isa = PBXFileReference; lastKnownFileType = sourcecode.swift; path = TipsListView.swift; sourceTree = "<group>"; };
		03DE340F2B37158800CBF5FA /* Slutta231223.app */ = {isa = PBXFileReference; explicitFileType = wrapper.application; includeInIndex = 0; path = Slutta231223.app; sourceTree = BUILT_PRODUCTS_DIR; };
		03DE34122B37158800CBF5FA /* SlutteApp.swift */ = {isa = PBXFileReference; lastKnownFileType = sourcecode.swift; path = SlutteApp.swift; sourceTree = "<group>"; };
		03DE34142B37158800CBF5FA /* ContentView.swift */ = {isa = PBXFileReference; lastKnownFileType = sourcecode.swift; path = ContentView.swift; sourceTree = "<group>"; };
		03DE34162B37158900CBF5FA /* Assets.xcassets */ = {isa = PBXFileReference; lastKnownFileType = folder.assetcatalog; path = Assets.xcassets; sourceTree = "<group>"; };
		03DE34182B37158900CBF5FA /* Slutta231223.entitlements */ = {isa = PBXFileReference; lastKnownFileType = text.plist.entitlements; path = Slutta231223.entitlements; sourceTree = "<group>"; };
		03DE341A2B37158900CBF5FA /* Preview Assets.xcassets */ = {isa = PBXFileReference; lastKnownFileType = folder.assetcatalog; path = "Preview Assets.xcassets"; sourceTree = "<group>"; };
		03DE34212B37181E00CBF5FA /* CounterViewModel.swift */ = {isa = PBXFileReference; lastKnownFileType = sourcecode.swift; path = CounterViewModel.swift; sourceTree = "<group>"; };
		03DE34232B371CDD00CBF5FA /* SnusUsageInputView.swift */ = {isa = PBXFileReference; lastKnownFileType = sourcecode.swift; path = SnusUsageInputView.swift; sourceTree = "<group>"; };
		03FDA5E92B4C3E60006C4A14 /* CravingTipsView.swift */ = {isa = PBXFileReference; lastKnownFileType = sourcecode.swift; path = CravingTipsView.swift; sourceTree = "<group>"; };
/* End PBXFileReference section */

/* Begin PBXFrameworksBuildPhase section */
		03DE340C2B37158800CBF5FA /* Frameworks */ = {
			isa = PBXFrameworksBuildPhase;
			buildActionMask = 2147483647;
			files = (
			);
			runOnlyForDeploymentPostprocessing = 0;
		};
/* End PBXFrameworksBuildPhase section */

/* Begin PBXGroup section */
		0336E0D42B4987690069C212 /* SavingsCard */ = {
			isa = PBXGroup;
			children = (
				0336E0D02B4832250069C212 /* SavingsGoalSheet.swift */,
				0336E0D22B4987360069C212 /* SavingPerInterval.swift */,
			);
			path = SavingsCard;
			sourceTree = "<group>";
		};
		0397E5B52B38D91600D615C1 /* Stats */ = {
			isa = PBXGroup;
			children = (
				036548C62B37425200693EE6 /* StatisticsView.swift */,
				0397E5B32B38D65100D615C1 /* DaysSinceQuittingCounter.swift */,
				0336E0D42B4987690069C212 /* SavingsCard */,
				0397E5B82B38DD8B00D615C1 /* Achievements.swift */,
				03CE72962B49F05D00F338B9 /* MotivationCard.swift */,
			);
			path = Stats;
			sourceTree = "<group>";
		};
		039B0A2A2B4A237100E6ED48 /* Tips and Advice */ = {
			isa = PBXGroup;
			children = (
				03CE72982B4A162000F338B9 /* TipsListView.swift */,
				039B0A2D2B4C0D6000E6ED48 /* Fordeler.swift */,
				039B0A2B2B4A239900E6ED48 /* SnusInnhold.swift */,
				03FDA5E92B4C3E60006C4A14 /* CravingTipsView.swift */,
			);
			path = "Tips and Advice";
			sourceTree = "<group>";
		};
		03DE34062B37158800CBF5FA = {
			isa = PBXGroup;
			children = (
				03DE34112B37158800CBF5FA /* Slutta231223 */,
				03DE34102B37158800CBF5FA /* Products */,
			);
			sourceTree = "<group>";
		};
		03DE34102B37158800CBF5FA /* Products */ = {
			isa = PBXGroup;
			children = (
				03DE340F2B37158800CBF5FA /* Slutta231223.app */,
			);
			name = Products;
			sourceTree = "<group>";
		};
		03DE34112B37158800CBF5FA /* Slutta231223 */ = {
			isa = PBXGroup;
			children = (
				03DE34122B37158800CBF5FA /* SlutteApp.swift */,
				03DE34142B37158800CBF5FA /* ContentView.swift */,
				039B0A2A2B4A237100E6ED48 /* Tips and Advice */,
				0397E5B52B38D91600D615C1 /* Stats */,
				03DE34232B371CDD00CBF5FA /* SnusUsageInputView.swift */,
				03DE34212B37181E00CBF5FA /* CounterViewModel.swift */,
				0397E5B62B38DB2300D615C1 /* TestProgress.swift */,
				03DE34162B37158900CBF5FA /* Assets.xcassets */,
				03DE34182B37158900CBF5FA /* Slutta231223.entitlements */,
				03DE34192B37158900CBF5FA /* Preview Content */,
			);
			path = Slutta231223;
			sourceTree = "<group>";
		};
		03DE34192B37158900CBF5FA /* Preview Content */ = {
			isa = PBXGroup;
			children = (
				03DE341A2B37158900CBF5FA /* Preview Assets.xcassets */,
			);
			path = "Preview Content";
			sourceTree = "<group>";
		};
/* End PBXGroup section */

/* Begin PBXNativeTarget section */
		03DE340E2B37158800CBF5FA /* Slutta231223 */ = {
			isa = PBXNativeTarget;
			buildConfigurationList = 03DE341E2B37158900CBF5FA /* Build configuration list for PBXNativeTarget "Slutta231223" */;
			buildPhases = (
				03DE340B2B37158800CBF5FA /* Sources */,
				03DE340C2B37158800CBF5FA /* Frameworks */,
				03DE340D2B37158800CBF5FA /* Resources */,
			);
			buildRules = (
			);
			dependencies = (
			);
			name = Slutta231223;
			productName = Slutta231223;
			productReference = 03DE340F2B37158800CBF5FA /* Slutta231223.app */;
			productType = "com.apple.product-type.application";
		};
/* End PBXNativeTarget section */

/* Begin PBXProject section */
		03DE34072B37158800CBF5FA /* Project object */ = {
			isa = PBXProject;
			attributes = {
				BuildIndependentTargetsInParallel = 1;
				LastSwiftUpdateCheck = 1500;
				LastUpgradeCheck = 1500;
				TargetAttributes = {
					03DE340E2B37158800CBF5FA = {
						CreatedOnToolsVersion = 15.0;
					};
				};
			};
			buildConfigurationList = 03DE340A2B37158800CBF5FA /* Build configuration list for PBXProject "Slutte" */;
			compatibilityVersion = "Xcode 14.0";
			developmentRegion = en;
			hasScannedForEncodings = 0;
			knownRegions = (
				en,
				Base,
			);
			mainGroup = 03DE34062B37158800CBF5FA;
			productRefGroup = 03DE34102B37158800CBF5FA /* Products */;
			projectDirPath = "";
			projectRoot = "";
			targets = (
				03DE340E2B37158800CBF5FA /* Slutta231223 */,
			);
		};
/* End PBXProject section */

/* Begin PBXResourcesBuildPhase section */
		03DE340D2B37158800CBF5FA /* Resources */ = {
			isa = PBXResourcesBuildPhase;
			buildActionMask = 2147483647;
			files = (
				03DE341B2B37158900CBF5FA /* Preview Assets.xcassets in Resources */,
				03DE34172B37158900CBF5FA /* Assets.xcassets in Resources */,
			);
			runOnlyForDeploymentPostprocessing = 0;
		};
/* End PBXResourcesBuildPhase section */

/* Begin PBXSourcesBuildPhase section */
		03DE340B2B37158800CBF5FA /* Sources */ = {
			isa = PBXSourcesBuildPhase;
			buildActionMask = 2147483647;
			files = (
				039B0A2E2B4C0D6000E6ED48 /* Fordeler.swift in Sources */,
				03CE72992B4A162000F338B9 /* TipsListView.swift in Sources */,
				03FDA5EA2B4C3E60006C4A14 /* CravingTipsView.swift in Sources */,
				03DE34152B37158800CBF5FA /* ContentView.swift in Sources */,
				0397E5B92B38DD8B00D615C1 /* Achievements.swift in Sources */,
				036548C72B37425200693EE6 /* StatisticsView.swift in Sources */,
				03DE34242B371CDD00CBF5FA /* SnusUsageInputView.swift in Sources */,
				0336E0D32B4987360069C212 /* SavingPerInterval.swift in Sources */,
				03CE72972B49F05D00F338B9 /* MotivationCard.swift in Sources */,
				0336E0D12B4832250069C212 /* SavingsGoalSheet.swift in Sources */,
				039B0A2C2B4A239900E6ED48 /* SnusInnhold.swift in Sources */,
				03DE34132B37158800CBF5FA /* SlutteApp.swift in Sources */,
				03DE34222B37181E00CBF5FA /* CounterViewModel.swift in Sources */,
				0397E5B42B38D65100D615C1 /* DaysSinceQuittingCounter.swift in Sources */,
				0397E5B72B38DB2300D615C1 /* TestProgress.swift in Sources */,
			);
			runOnlyForDeploymentPostprocessing = 0;
		};
/* End PBXSourcesBuildPhase section */

/* Begin XCBuildConfiguration section */
		03DE341C2B37158900CBF5FA /* Debug */ = {
			isa = XCBuildConfiguration;
			buildSettings = {
				ALWAYS_SEARCH_USER_PATHS = NO;
				ASSETCATALOG_COMPILER_GENERATE_SWIFT_ASSET_SYMBOL_EXTENSIONS = YES;
				CLANG_ANALYZER_NONNULL = YES;
				CLANG_ANALYZER_NUMBER_OBJECT_CONVERSION = YES_AGGRESSIVE;
				CLANG_CXX_LANGUAGE_STANDARD = "gnu++20";
				CLANG_ENABLE_MODULES = YES;
				CLANG_ENABLE_OBJC_ARC = YES;
				CLANG_ENABLE_OBJC_WEAK = YES;
				CLANG_WARN_BLOCK_CAPTURE_AUTORELEASING = YES;
				CLANG_WARN_BOOL_CONVERSION = YES;
				CLANG_WARN_COMMA = YES;
				CLANG_WARN_CONSTANT_CONVERSION = YES;
				CLANG_WARN_DEPRECATED_OBJC_IMPLEMENTATIONS = YES;
				CLANG_WARN_DIRECT_OBJC_ISA_USAGE = YES_ERROR;
				CLANG_WARN_DOCUMENTATION_COMMENTS = YES;
				CLANG_WARN_EMPTY_BODY = YES;
				CLANG_WARN_ENUM_CONVERSION = YES;
				CLANG_WARN_INFINITE_RECURSION = YES;
				CLANG_WARN_INT_CONVERSION = YES;
				CLANG_WARN_NON_LITERAL_NULL_CONVERSION = YES;
				CLANG_WARN_OBJC_IMPLICIT_RETAIN_SELF = YES;
				CLANG_WARN_OBJC_LITERAL_CONVERSION = YES;
				CLANG_WARN_OBJC_ROOT_CLASS = YES_ERROR;
				CLANG_WARN_QUOTED_INCLUDE_IN_FRAMEWORK_HEADER = YES;
				CLANG_WARN_RANGE_LOOP_ANALYSIS = YES;
				CLANG_WARN_STRICT_PROTOTYPES = YES;
				CLANG_WARN_SUSPICIOUS_MOVE = YES;
				CLANG_WARN_UNGUARDED_AVAILABILITY = YES_AGGRESSIVE;
				CLANG_WARN_UNREACHABLE_CODE = YES;
				CLANG_WARN__DUPLICATE_METHOD_MATCH = YES;
				COPY_PHASE_STRIP = NO;
				DEBUG_INFORMATION_FORMAT = dwarf;
				ENABLE_STRICT_OBJC_MSGSEND = YES;
				ENABLE_TESTABILITY = YES;
				ENABLE_USER_SCRIPT_SANDBOXING = YES;
				GCC_C_LANGUAGE_STANDARD = gnu17;
				GCC_DYNAMIC_NO_PIC = NO;
				GCC_NO_COMMON_BLOCKS = YES;
				GCC_OPTIMIZATION_LEVEL = 0;
				GCC_PREPROCESSOR_DEFINITIONS = (
					"DEBUG=1",
					"$(inherited)",
				);
				GCC_WARN_64_TO_32_BIT_CONVERSION = YES;
				GCC_WARN_ABOUT_RETURN_TYPE = YES_ERROR;
				GCC_WARN_UNDECLARED_SELECTOR = YES;
				GCC_WARN_UNINITIALIZED_AUTOS = YES_AGGRESSIVE;
				GCC_WARN_UNUSED_FUNCTION = YES;
				GCC_WARN_UNUSED_VARIABLE = YES;
				LOCALIZATION_PREFERS_STRING_CATALOGS = YES;
				MTL_ENABLE_DEBUG_INFO = INCLUDE_SOURCE;
				MTL_FAST_MATH = YES;
				ONLY_ACTIVE_ARCH = YES;
				SWIFT_ACTIVE_COMPILATION_CONDITIONS = "DEBUG $(inherited)";
				SWIFT_OPTIMIZATION_LEVEL = "-Onone";
			};
			name = Debug;
		};
		03DE341D2B37158900CBF5FA /* Release */ = {
			isa = XCBuildConfiguration;
			buildSettings = {
				ALWAYS_SEARCH_USER_PATHS = NO;
				ASSETCATALOG_COMPILER_GENERATE_SWIFT_ASSET_SYMBOL_EXTENSIONS = YES;
				CLANG_ANALYZER_NONNULL = YES;
				CLANG_ANALYZER_NUMBER_OBJECT_CONVERSION = YES_AGGRESSIVE;
				CLANG_CXX_LANGUAGE_STANDARD = "gnu++20";
				CLANG_ENABLE_MODULES = YES;
				CLANG_ENABLE_OBJC_ARC = YES;
				CLANG_ENABLE_OBJC_WEAK = YES;
				CLANG_WARN_BLOCK_CAPTURE_AUTORELEASING = YES;
				CLANG_WARN_BOOL_CONVERSION = YES;
				CLANG_WARN_COMMA = YES;
				CLANG_WARN_CONSTANT_CONVERSION = YES;
				CLANG_WARN_DEPRECATED_OBJC_IMPLEMENTATIONS = YES;
				CLANG_WARN_DIRECT_OBJC_ISA_USAGE = YES_ERROR;
				CLANG_WARN_DOCUMENTATION_COMMENTS = YES;
				CLANG_WARN_EMPTY_BODY = YES;
				CLANG_WARN_ENUM_CONVERSION = YES;
				CLANG_WARN_INFINITE_RECURSION = YES;
				CLANG_WARN_INT_CONVERSION = YES;
				CLANG_WARN_NON_LITERAL_NULL_CONVERSION = YES;
				CLANG_WARN_OBJC_IMPLICIT_RETAIN_SELF = YES;
				CLANG_WARN_OBJC_LITERAL_CONVERSION = YES;
				CLANG_WARN_OBJC_ROOT_CLASS = YES_ERROR;
				CLANG_WARN_QUOTED_INCLUDE_IN_FRAMEWORK_HEADER = YES;
				CLANG_WARN_RANGE_LOOP_ANALYSIS = YES;
				CLANG_WARN_STRICT_PROTOTYPES = YES;
				CLANG_WARN_SUSPICIOUS_MOVE = YES;
				CLANG_WARN_UNGUARDED_AVAILABILITY = YES_AGGRESSIVE;
				CLANG_WARN_UNREACHABLE_CODE = YES;
				CLANG_WARN__DUPLICATE_METHOD_MATCH = YES;
				COPY_PHASE_STRIP = NO;
				DEBUG_INFORMATION_FORMAT = "dwarf-with-dsym";
				ENABLE_NS_ASSERTIONS = NO;
				ENABLE_STRICT_OBJC_MSGSEND = YES;
				ENABLE_USER_SCRIPT_SANDBOXING = YES;
				GCC_C_LANGUAGE_STANDARD = gnu17;
				GCC_NO_COMMON_BLOCKS = YES;
				GCC_WARN_64_TO_32_BIT_CONVERSION = YES;
				GCC_WARN_ABOUT_RETURN_TYPE = YES_ERROR;
				GCC_WARN_UNDECLARED_SELECTOR = YES;
				GCC_WARN_UNINITIALIZED_AUTOS = YES_AGGRESSIVE;
				GCC_WARN_UNUSED_FUNCTION = YES;
				GCC_WARN_UNUSED_VARIABLE = YES;
				LOCALIZATION_PREFERS_STRING_CATALOGS = YES;
				MTL_ENABLE_DEBUG_INFO = NO;
				MTL_FAST_MATH = YES;
				SWIFT_COMPILATION_MODE = wholemodule;
			};
			name = Release;
		};
		03DE341F2B37158900CBF5FA /* Debug */ = {
			isa = XCBuildConfiguration;
			buildSettings = {
				ASSETCATALOG_COMPILER_APPICON_NAME = AppIcon;
				ASSETCATALOG_COMPILER_GLOBAL_ACCENT_COLOR_NAME = AccentColor;
				CODE_SIGN_ENTITLEMENTS = Slutta231223/Slutta231223.entitlements;
				"CODE_SIGN_IDENTITY[sdk=macosx*]" = "-";
				CODE_SIGN_STYLE = Automatic;
				CURRENT_PROJECT_VERSION = 1;
				DEVELOPMENT_ASSET_PATHS = "\"Slutta231223/Preview Content\"";
				DEVELOPMENT_TEAM = WP99484WGY;
				ENABLE_PREVIEWS = YES;
				GENERATE_INFOPLIST_FILE = YES;
				"INFOPLIST_KEY_UIApplicationSceneManifest_Generation[sdk=iphoneos*]" = YES;
				"INFOPLIST_KEY_UIApplicationSceneManifest_Generation[sdk=iphonesimulator*]" = YES;
				"INFOPLIST_KEY_UIApplicationSupportsIndirectInputEvents[sdk=iphoneos*]" = YES;
				"INFOPLIST_KEY_UIApplicationSupportsIndirectInputEvents[sdk=iphonesimulator*]" = YES;
				"INFOPLIST_KEY_UILaunchScreen_Generation[sdk=iphoneos*]" = YES;
				"INFOPLIST_KEY_UILaunchScreen_Generation[sdk=iphonesimulator*]" = YES;
				"INFOPLIST_KEY_UIStatusBarStyle[sdk=iphoneos*]" = UIStatusBarStyleDefault;
				"INFOPLIST_KEY_UIStatusBarStyle[sdk=iphonesimulator*]" = UIStatusBarStyleDefault;
				INFOPLIST_KEY_UISupportedInterfaceOrientations_iPad = "UIInterfaceOrientationPortrait UIInterfaceOrientationPortraitUpsideDown UIInterfaceOrientationLandscapeLeft UIInterfaceOrientationLandscapeRight";
				INFOPLIST_KEY_UISupportedInterfaceOrientations_iPhone = "UIInterfaceOrientationPortrait UIInterfaceOrientationLandscapeLeft UIInterfaceOrientationLandscapeRight";
				IPHONEOS_DEPLOYMENT_TARGET = 17.0;
				LD_RUNPATH_SEARCH_PATHS = "@executable_path/Frameworks";
				"LD_RUNPATH_SEARCH_PATHS[sdk=macosx*]" = "@executable_path/../Frameworks";
				MACOSX_DEPLOYMENT_TARGET = 14.0;
				MARKETING_VERSION = 1.0;
				PRODUCT_BUNDLE_IDENTIFIER = com.hosseinsharifi.Slutta231223;
				PRODUCT_NAME = "$(TARGET_NAME)";
				SDKROOT = auto;
				SUPPORTED_PLATFORMS = "iphoneos iphonesimulator macosx";
				SWIFT_EMIT_LOC_STRINGS = YES;
				SWIFT_VERSION = 5.0;
				TARGETED_DEVICE_FAMILY = "1,2";
			};
			name = Debug;
		};
		03DE34202B37158900CBF5FA /* Release */ = {
			isa = XCBuildConfiguration;
			buildSettings = {
				ASSETCATALOG_COMPILER_APPICON_NAME = AppIcon;
				ASSETCATALOG_COMPILER_GLOBAL_ACCENT_COLOR_NAME = AccentColor;
				CODE_SIGN_ENTITLEMENTS = Slutta231223/Slutta231223.entitlements;
				"CODE_SIGN_IDENTITY[sdk=macosx*]" = "-";
				CODE_SIGN_STYLE = Automatic;
				CURRENT_PROJECT_VERSION = 1;
				DEVELOPMENT_ASSET_PATHS = "\"Slutta231223/Preview Content\"";
				DEVELOPMENT_TEAM = WP99484WGY;
				ENABLE_PREVIEWS = YES;
				GENERATE_INFOPLIST_FILE = YES;
				"INFOPLIST_KEY_UIApplicationSceneManifest_Generation[sdk=iphoneos*]" = YES;
				"INFOPLIST_KEY_UIApplicationSceneManifest_Generation[sdk=iphonesimulator*]" = YES;
				"INFOPLIST_KEY_UIApplicationSupportsIndirectInputEvents[sdk=iphoneos*]" = YES;
				"INFOPLIST_KEY_UIApplicationSupportsIndirectInputEvents[sdk=iphonesimulator*]" = YES;
				"INFOPLIST_KEY_UILaunchScreen_Generation[sdk=iphoneos*]" = YES;
				"INFOPLIST_KEY_UILaunchScreen_Generation[sdk=iphonesimulator*]" = YES;
				"INFOPLIST_KEY_UIStatusBarStyle[sdk=iphoneos*]" = UIStatusBarStyleDefault;
				"INFOPLIST_KEY_UIStatusBarStyle[sdk=iphonesimulator*]" = UIStatusBarStyleDefault;
				INFOPLIST_KEY_UISupportedInterfaceOrientations_iPad = "UIInterfaceOrientationPortrait UIInterfaceOrientationPortraitUpsideDown UIInterfaceOrientationLandscapeLeft UIInterfaceOrientationLandscapeRight";
				INFOPLIST_KEY_UISupportedInterfaceOrientations_iPhone = "UIInterfaceOrientationPortrait UIInterfaceOrientationLandscapeLeft UIInterfaceOrientationLandscapeRight";
				IPHONEOS_DEPLOYMENT_TARGET = 17.0;
				LD_RUNPATH_SEARCH_PATHS = "@executable_path/Frameworks";
				"LD_RUNPATH_SEARCH_PATHS[sdk=macosx*]" = "@executable_path/../Frameworks";
				MACOSX_DEPLOYMENT_TARGET = 14.0;
				MARKETING_VERSION = 1.0;
				PRODUCT_BUNDLE_IDENTIFIER = com.hosseinsharifi.Slutta231223;
				PRODUCT_NAME = "$(TARGET_NAME)";
				SDKROOT = auto;
				SUPPORTED_PLATFORMS = "iphoneos iphonesimulator macosx";
				SWIFT_EMIT_LOC_STRINGS = YES;
				SWIFT_VERSION = 5.0;
				TARGETED_DEVICE_FAMILY = "1,2";
			};
			name = Release;
		};
/* End XCBuildConfiguration section */

/* Begin XCConfigurationList section */
		03DE340A2B37158800CBF5FA /* Build configuration list for PBXProject "Slutte" */ = {
			isa = XCConfigurationList;
			buildConfigurations = (
				03DE341C2B37158900CBF5FA /* Debug */,
				03DE341D2B37158900CBF5FA /* Release */,
			);
			defaultConfigurationIsVisible = 0;
			defaultConfigurationName = Release;
		};
		03DE341E2B37158900CBF5FA /* Build configuration list for PBXNativeTarget "Slutta231223" */ = {
			isa = XCConfigurationList;
			buildConfigurations = (
				03DE341F2B37158900CBF5FA /* Debug */,
				03DE34202B37158900CBF5FA /* Release */,
			);
			defaultConfigurationIsVisible = 0;
			defaultConfigurationName = Release;
		};
/* End XCConfigurationList section */
	};
	rootObject = 03DE34072B37158800CBF5FA /* Project object */;
}
